
Microsoft Visual Studio Solution File, Format Version 12.00
# Visual Studio Version 17
VisualStudioVersion = 17.3.32825.248
MinimumVisualStudioVersion = 10.0.40219.1
Project("{FAE04EC0-301F-11D3-BF4B-00C04F79EFBC}") = "June7LitScraper.Web", "June7LitScraper.Web\June7LitScraper.Web.csproj", "{D27A26FC-F65B-46F9-A43B-860D429B55D8}"
EndProject
Project("{FAE04EC0-301F-11D3-BF4B-00C04F79EFBC}") = "June7LitScraper.Data", "June7LitScraper.Data\June7LitScraper.Data.csproj", "{A9F99FCF-26B6-4A7D-8224-025F0D42D539}"
EndProject
Global
	GlobalSection(SolutionConfigurationPlatforms) = preSolution
		Debug|Any CPU = Debug|Any CPU
		Release|Any CPU = Release|Any CPU
	EndGlobalSection
	GlobalSection(ProjectConfigurationPlatforms) = postSolution
		{D27A26FC-F65B-46F9-A43B-860D429B55D8}.Debug|Any CPU.ActiveCfg = Debug|Any CPU
		{D27A26FC-F65B-46F9-A43B-860D429B55D8}.Debug|Any CPU.Build.0 = Debug|Any CPU
		{D27A26FC-F65B-46F9-A43B-860D429B55D8}.Release|Any CPU.ActiveCfg = Release|Any CPU
		{D27A26FC-F65B-46F9-A43B-860D429B55D8}.Release|Any CPU.Build.0 = Release|Any CPU
		{A9F99FCF-26B6-4A7D-8224-025F0D42D539}.Debug|Any CPU.ActiveCfg = Debug|Any CPU
		{A9F99FCF-26B6-4A7D-8224-025F0D42D539}.Debug|Any CPU.Build.0 = Debug|Any CPU
		{A9F99FCF-26B6-4A7D-8224-025F0D42D539}.Release|Any CPU.ActiveCfg = Release|Any CPU
		{A9F99FCF-26B6-4A7D-8224-025F0D42D539}.Release|Any CPU.Build.0 = Release|Any CPU
	EndGlobalSection
	GlobalSection(SolutionProperties) = preSolution
		HideSolutionNode = FALSE
	EndGlobalSection
	GlobalSection(ExtensibilityGlobals) = postSolution
		SolutionGuid = {84158261-04F2-42F9-B9C1-B07E6B790C00}
	EndGlobalSection
EndGlobal
